
Microsoft Visual Studio Solution File, Format Version 12.00
# Visual Studio 15
VisualStudioVersion = 15.0.26124.0
MinimumVisualStudioVersion = 15.0.26124.0
Project("{FAE04EC0-301F-11D3-BF4B-00C04F79EFBC}") = "GameTOP", "GameTOP\GameTOP.csproj", "{63238D09-1E2B-4923-A490-536F03A4F44F}"
EndProject
Project("{FAE04EC0-301F-11D3-BF4B-00C04F79EFBC}") = "GameTOP.lib", "GameTOP.lib\GameTOP.lib.csproj", "{A7D1C7C1-800C-49B1-8DDB-9FC758DAEE7C}"
EndProject
Project("{FAE04EC0-301F-11D3-BF4B-00C04F79EFBC}") = "GameTOP.Interface", "GameTOP.Interface\GameTOP.Interface.csproj", "{A8DE60A2-534A-441B-8C36-EF8A038F911A}"
EndProject
Global
	GlobalSection(SolutionConfigurationPlatforms) = preSolution
		Debug|Any CPU = Debug|Any CPU
		Debug|x64 = Debug|x64
		Debug|x86 = Debug|x86
		Release|Any CPU = Release|Any CPU
		Release|x64 = Release|x64
		Release|x86 = Release|x86
	EndGlobalSection
	GlobalSection(SolutionProperties) = preSolution
		HideSolutionNode = FALSE
	EndGlobalSection
	GlobalSection(ProjectConfigurationPlatforms) = postSolution
		{63238D09-1E2B-4923-A490-536F03A4F44F}.Debug|Any CPU.ActiveCfg = Debug|Any CPU
		{63238D09-1E2B-4923-A490-536F03A4F44F}.Debug|Any CPU.Build.0 = Debug|Any CPU
		{63238D09-1E2B-4923-A490-536F03A4F44F}.Debug|x64.ActiveCfg = Debug|Any CPU
		{63238D09-1E2B-4923-A490-536F03A4F44F}.Debug|x64.Build.0 = Debug|Any CPU
		{63238D09-1E2B-4923-A490-536F03A4F44F}.Debug|x86.ActiveCfg = Debug|Any CPU
		{63238D09-1E2B-4923-A490-536F03A4F44F}.Debug|x86.Build.0 = Debug|Any CPU
		{63238D09-1E2B-4923-A490-536F03A4F44F}.Release|Any CPU.ActiveCfg = Release|Any CPU
		{63238D09-1E2B-4923-A490-536F03A4F44F}.Release|Any CPU.Build.0 = Release|Any CPU
		{63238D09-1E2B-4923-A490-536F03A4F44F}.Release|x64.ActiveCfg = Release|Any CPU
		{63238D09-1E2B-4923-A490-536F03A4F44F}.Release|x64.Build.0 = Release|Any CPU
		{63238D09-1E2B-4923-A490-536F03A4F44F}.Release|x86.ActiveCfg = Release|Any CPU
		{63238D09-1E2B-4923-A490-536F03A4F44F}.Release|x86.Build.0 = Release|Any CPU
		{A7D1C7C1-800C-49B1-8DDB-9FC758DAEE7C}.Debug|Any CPU.ActiveCfg = Debug|Any CPU
		{A7D1C7C1-800C-49B1-8DDB-9FC758DAEE7C}.Debug|Any CPU.Build.0 = Debug|Any CPU
		{A7D1C7C1-800C-49B1-8DDB-9FC758DAEE7C}.Debug|x64.ActiveCfg = Debug|Any CPU
		{A7D1C7C1-800C-49B1-8DDB-9FC758DAEE7C}.Debug|x64.Build.0 = Debug|Any CPU
		{A7D1C7C1-800C-49B1-8DDB-9FC758DAEE7C}.Debug|x86.ActiveCfg = Debug|Any CPU
		{A7D1C7C1-800C-49B1-8DDB-9FC758DAEE7C}.Debug|x86.Build.0 = Debug|Any CPU
		{A7D1C7C1-800C-49B1-8DDB-9FC758DAEE7C}.Release|Any CPU.ActiveCfg = Release|Any CPU
		{A7D1C7C1-800C-49B1-8DDB-9FC758DAEE7C}.Release|Any CPU.Build.0 = Release|Any CPU
		{A7D1C7C1-800C-49B1-8DDB-9FC758DAEE7C}.Release|x64.ActiveCfg = Release|Any CPU
		{A7D1C7C1-800C-49B1-8DDB-9FC758DAEE7C}.Release|x64.Build.0 = Release|Any CPU
		{A7D1C7C1-800C-49B1-8DDB-9FC758DAEE7C}.Release|x86.ActiveCfg = Release|Any CPU
		{A7D1C7C1-800C-49B1-8DDB-9FC758DAEE7C}.Release|x86.Build.0 = Release|Any CPU
		{A8DE60A2-534A-441B-8C36-EF8A038F911A}.Debug|Any CPU.ActiveCfg = Debug|Any CPU
		{A8DE60A2-534A-441B-8C36-EF8A038F911A}.Debug|Any CPU.Build.0 = Debug|Any CPU
		{A8DE60A2-534A-441B-8C36-EF8A038F911A}.Debug|x64.ActiveCfg = Debug|Any CPU
		{A8DE60A2-534A-441B-8C36-EF8A038F911A}.Debug|x64.Build.0 = Debug|Any CPU
		{A8DE60A2-534A-441B-8C36-EF8A038F911A}.Debug|x86.ActiveCfg = Debug|Any CPU
		{A8DE60A2-534A-441B-8C36-EF8A038F911A}.Debug|x86.Build.0 = Debug|Any CPU
		{A8DE60A2-534A-441B-8C36-EF8A038F911A}.Release|Any CPU.ActiveCfg = Release|Any CPU
		{A8DE60A2-534A-441B-8C36-EF8A038F911A}.Release|Any CPU.Build.0 = Release|Any CPU
		{A8DE60A2-534A-441B-8C36-EF8A038F911A}.Release|x64.ActiveCfg = Release|Any CPU
		{A8DE60A2-534A-441B-8C36-EF8A038F911A}.Release|x64.Build.0 = Release|Any CPU
		{A8DE60A2-534A-441B-8C36-EF8A038F911A}.Release|x86.ActiveCfg = Release|Any CPU
		{A8DE60A2-534A-441B-8C36-EF8A038F911A}.Release|x86.Build.0 = Release|Any CPU
	EndGlobalSection
EndGlobal
